Microsoft Visual Studio Solution File, Format Version 12.00
# Visual Studio 2015
Project("{2150E333-8FDC-42A3-9474-1A3956D46DE8}") = "(..)", "..", "{36257327-00FE-FF6D-A8D9-AFEE3537DAF0}"
EndProject
Project("{2150E333-8FDC-42A3-9474-1A3956D46DE8}") = "(..)", "..\..", "{DD240FE5-4D88-9C6C-E7C8-07717FEFF861}"
EndProject
Project("{2150E333-8FDC-42A3-9474-1A3956D46DE8}") = "(..)", "..\..\..", "{DDCEA4D0-6852-D253-DD6E-F4F64DF52AEE}"
EndProject
Project("{2150E333-8FDC-42A3-9474-1A3956D46DE8}") = "(builds)", "..\..\..\czmq\builds", "{3C6AE28B-F33A-DB10-9120-BD915AD6D346}"
EndProject
Project("{2150E333-8FDC-42A3-9474-1A3956D46DE8}") = "(builds)", "..\..\..\libbson\builds", "{445732DD-CC94-A079-7A98-C07D8DB6EB8F}"
EndProject
Project("{2150E333-8FDC-42A3-9474-1A3956D46DE8}") = "(builds)", "..\..\..\ccore_lib\builds", "{7431ABBF-72F8-0059-F380-3DC00567EAAF}"
EndProject
Project("{2150E333-8FDC-42A3-9474-1A3956D46DE8}") = "(builds)", "..\..\..\libzmq\builds", "{8AF3BA0F-63EC-C773-1042-3746DA4729CF}"
EndProject
Project("{2150E333-8FDC-42A3-9474-1A3956D46DE8}") = "(builds)", "..\..\..\ccore_bson\builds", "{C168E0F9-69D4-A42C-9387-39D83B761CE9}"
EndProject
Project("{2150E333-8FDC-42A3-9474-1A3956D46DE8}") = "(ccore_bson)", "..\..\..\ccore_bson", "{FCCA9790-7A48-3FD3-9348-A0B91E8AA9DD}"
EndProject
Project("{2150E333-8FDC-42A3-9474-1A3956D46DE8}") = "(ccore_lib)", "..\..\..\ccore_lib", "{16E84730-5259-86C1-A9FA-4F500CB6F69C}"
EndProject
Project("{2150E333-8FDC-42A3-9474-1A3956D46DE8}") = "(czmq)", "..\..\..\czmq", "{0049ED14-D14B-57E3-AC11-C1C9E2F90FB5}"
EndProject
Project("{2150E333-8FDC-42A3-9474-1A3956D46DE8}") = "(gyp)", "..\..\..\ccore_bson\builds\gyp", "{0EF06F2F-BC47-18DD-0E9D-51645E709D4B}"
EndProject
Project("{2150E333-8FDC-42A3-9474-1A3956D46DE8}") = "(gyp)", "..\..\..\czmq\builds\gyp", "{1E5C1F19-4095-9718-23B9-185DFE8C3D0A}"
EndProject
Project("{2150E333-8FDC-42A3-9474-1A3956D46DE8}") = "(gyp)", "..\..\..\ccore_lib\builds\gyp", "{4E3625C0-F60A-9CEA-42CB-9A82318C7899}"
EndProject
Project("{2150E333-8FDC-42A3-9474-1A3956D46DE8}") = "(gyp)", "..\..\..\libbson\builds\gyp", "{87EC7559-518C-C437-7C58-002910DEDB6A}"
EndProject
Project("{2150E333-8FDC-42A3-9474-1A3956D46DE8}") = "(gyp)", "..\..\..\libzmq\builds\gyp", "{D0336D44-66B0-0C43-E9DF-7C26802B5117}"
EndProject
Project("{2150E333-8FDC-42A3-9474-1A3956D46DE8}") = "(libbson)", "..\..\..\libbson", "{409FED26-BAF4-92E6-9C8B-4F04CE94352D}"
EndProject
Project("{2150E333-8FDC-42A3-9474-1A3956D46DE8}") = "(libzmq)", "..\..\..\libzmq", "{2129171D-52BA-6CC7-C0D7-F589722DF449}"
EndProject
Project("{8BC9CEB8-8B4A-11D0-8D11-00A0C91BC942}") = "ccore_bson", "..\..\..\ccore_bson\builds\gyp\ccore_bson.vcxproj", "{FA4310BB-B4F9-ED6C-0091-692125F627A1}"
EndProject
Project("{8BC9CEB8-8B4A-11D0-8D11-00A0C91BC942}") = "ccore_cpp", "ccore_cpp.vcxproj", "{F07000E4-24B9-FF84-4FC1-141B30C814DF}"
EndProject
Project("{8BC9CEB8-8B4A-11D0-8D11-00A0C91BC942}") = "ccore_cpp_basic_poll_test", "ccore_cpp_basic_poll_test.vcxproj", "{77506D3A-1A9D-83DF-FBFC-9D21417FB447}"
	ProjectSection(ProjectDependencies) = postProject
		{77C337D1-E459-9204-B83A-83C35FAC6434} = {77C337D1-E459-9204-B83A-83C35FAC6434}
		{FA4310BB-B4F9-ED6C-0091-692125F627A1} = {FA4310BB-B4F9-ED6C-0091-692125F627A1}
		{536F5DA7-7FD8-EA3A-0ADC-93D7BFB50A52} = {536F5DA7-7FD8-EA3A-0ADC-93D7BFB50A52}
		{F07000E4-24B9-FF84-4FC1-141B30C814DF} = {F07000E4-24B9-FF84-4FC1-141B30C814DF}
		{E0D2354F-F25B-E45E-EB17-74DAD072310B} = {E0D2354F-F25B-E45E-EB17-74DAD072310B}
		{73EBD515-B955-0153-ED17-43544CEE72E7} = {73EBD515-B955-0153-ED17-43544CEE72E7}
	EndProjectSection
EndProject
Project("{8BC9CEB8-8B4A-11D0-8D11-00A0C91BC942}") = "ccore_cpp_basic_test", "ccore_cpp_basic_test.vcxproj", "{85713944-0855-70BC-BB76-A7C2CC1FD42A}"
	ProjectSection(ProjectDependencies) = postProject
		{77C337D1-E459-9204-B83A-83C35FAC6434} = {77C337D1-E459-9204-B83A-83C35FAC6434}
		{FA4310BB-B4F9-ED6C-0091-692125F627A1} = {FA4310BB-B4F9-ED6C-0091-692125F627A1}
		{536F5DA7-7FD8-EA3A-0ADC-93D7BFB50A52} = {536F5DA7-7FD8-EA3A-0ADC-93D7BFB50A52}
		{F07000E4-24B9-FF84-4FC1-141B30C814DF} = {F07000E4-24B9-FF84-4FC1-141B30C814DF}
		{E0D2354F-F25B-E45E-EB17-74DAD072310B} = {E0D2354F-F25B-E45E-EB17-74DAD072310B}
		{73EBD515-B955-0153-ED17-43544CEE72E7} = {73EBD515-B955-0153-ED17-43544CEE72E7}
	EndProjectSection
EndProject
Project("{8BC9CEB8-8B4A-11D0-8D11-00A0C91BC942}") = "copy-bson-headers", "copy-bson-headers.vcxproj", "{7331140C-1786-999C-42DC-DA749A7B9AC0}"
	ProjectSection(ProjectDependencies) = postProject
		{77C337D1-E459-9204-B83A-83C35FAC6434} = {77C337D1-E459-9204-B83A-83C35FAC6434}
		{FA4310BB-B4F9-ED6C-0091-692125F627A1} = {FA4310BB-B4F9-ED6C-0091-692125F627A1}
		{536F5DA7-7FD8-EA3A-0ADC-93D7BFB50A52} = {536F5DA7-7FD8-EA3A-0ADC-93D7BFB50A52}
	EndProjectSection
EndProject
Project("{8BC9CEB8-8B4A-11D0-8D11-00A0C91BC942}") = "copy-headers", "copy-headers.vcxproj", "{5912FE1D-8357-D167-AB11-168C0DA47AB4}"
	ProjectSection(ProjectDependencies) = postProject
		{77C337D1-E459-9204-B83A-83C35FAC6434} = {77C337D1-E459-9204-B83A-83C35FAC6434}
		{FA4310BB-B4F9-ED6C-0091-692125F627A1} = {FA4310BB-B4F9-ED6C-0091-692125F627A1}
		{536F5DA7-7FD8-EA3A-0ADC-93D7BFB50A52} = {536F5DA7-7FD8-EA3A-0ADC-93D7BFB50A52}
	EndProjectSection
EndProject
Project("{8BC9CEB8-8B4A-11D0-8D11-00A0C91BC942}") = "libbson", "..\..\..\libbson\builds\gyp\libbson.vcxproj", "{536F5DA7-7FD8-EA3A-0ADC-93D7BFB50A52}"
EndProject
Project("{8BC9CEB8-8B4A-11D0-8D11-00A0C91BC942}") = "libccore", "..\..\..\ccore_lib\builds\gyp\libccore.vcxproj", "{77C337D1-E459-9204-B83A-83C35FAC6434}"
EndProject
Project("{8BC9CEB8-8B4A-11D0-8D11-00A0C91BC942}") = "libczmq", "..\..\..\czmq\builds\gyp\libczmq.vcxproj", "{73EBD515-B955-0153-ED17-43544CEE72E7}"
EndProject
Project("{8BC9CEB8-8B4A-11D0-8D11-00A0C91BC942}") = "libzmq", "..\..\..\libzmq\builds\gyp\libzmq.vcxproj", "{E0D2354F-F25B-E45E-EB17-74DAD072310B}"
EndProject
Global
	GlobalSection(SolutionConfigurationPlatforms) = preSolution
		Release|x64 = Release|x64
		Debug|Win32 = Debug|Win32
		Debug|x64 = Debug|x64
		Release|Win32 = Release|Win32
	EndGlobalSection
	GlobalSection(ProjectConfigurationPlatforms) = postSolution
		{536F5DA7-7FD8-EA3A-0ADC-93D7BFB50A52}.Release|x64.ActiveCfg = Release|x64
		{536F5DA7-7FD8-EA3A-0ADC-93D7BFB50A52}.Release|x64.Build.0 = Release|x64
		{536F5DA7-7FD8-EA3A-0ADC-93D7BFB50A52}.Debug|Win32.ActiveCfg = Debug|Win32
		{536F5DA7-7FD8-EA3A-0ADC-93D7BFB50A52}.Debug|Win32.Build.0 = Debug|Win32
		{536F5DA7-7FD8-EA3A-0ADC-93D7BFB50A52}.Debug|x64.ActiveCfg = Debug|x64
		{536F5DA7-7FD8-EA3A-0ADC-93D7BFB50A52}.Debug|x64.Build.0 = Debug|x64
		{536F5DA7-7FD8-EA3A-0ADC-93D7BFB50A52}.Release|Win32.ActiveCfg = Release|Win32
		{536F5DA7-7FD8-EA3A-0ADC-93D7BFB50A52}.Release|Win32.Build.0 = Release|Win32
		{5912FE1D-8357-D167-AB11-168C0DA47AB4}.Release|x64.ActiveCfg = Release|x64
		{5912FE1D-8357-D167-AB11-168C0DA47AB4}.Release|x64.Build.0 = Release|x64
		{5912FE1D-8357-D167-AB11-168C0DA47AB4}.Debug|Win32.ActiveCfg = Debug|Win32
		{5912FE1D-8357-D167-AB11-168C0DA47AB4}.Debug|Win32.Build.0 = Debug|Win32
		{5912FE1D-8357-D167-AB11-168C0DA47AB4}.Debug|x64.ActiveCfg = Debug|x64
		{5912FE1D-8357-D167-AB11-168C0DA47AB4}.Debug|x64.Build.0 = Debug|x64
		{5912FE1D-8357-D167-AB11-168C0DA47AB4}.Release|Win32.ActiveCfg = Release|Win32
		{5912FE1D-8357-D167-AB11-168C0DA47AB4}.Release|Win32.Build.0 = Release|Win32
		{7331140C-1786-999C-42DC-DA749A7B9AC0}.Release|x64.ActiveCfg = Release|x64
		{7331140C-1786-999C-42DC-DA749A7B9AC0}.Release|x64.Build.0 = Release|x64
		{7331140C-1786-999C-42DC-DA749A7B9AC0}.Debug|Win32.ActiveCfg = Debug|Win32
		{7331140C-1786-999C-42DC-DA749A7B9AC0}.Debug|Win32.Build.0 = Debug|Win32
		{7331140C-1786-999C-42DC-DA749A7B9AC0}.Debug|x64.ActiveCfg = Debug|x64
		{7331140C-1786-999C-42DC-DA749A7B9AC0}.Debug|x64.Build.0 = Debug|x64
		{7331140C-1786-999C-42DC-DA749A7B9AC0}.Release|Win32.ActiveCfg = Release|Win32
		{7331140C-1786-999C-42DC-DA749A7B9AC0}.Release|Win32.Build.0 = Release|Win32
		{73EBD515-B955-0153-ED17-43544CEE72E7}.Release|x64.ActiveCfg = Release|x64
		{73EBD515-B955-0153-ED17-43544CEE72E7}.Release|x64.Build.0 = Release|x64
		{73EBD515-B955-0153-ED17-43544CEE72E7}.Debug|Win32.ActiveCfg = Debug|Win32
		{73EBD515-B955-0153-ED17-43544CEE72E7}.Debug|Win32.Build.0 = Debug|Win32
		{73EBD515-B955-0153-ED17-43544CEE72E7}.Debug|x64.ActiveCfg = Debug|x64
		{73EBD515-B955-0153-ED17-43544CEE72E7}.Debug|x64.Build.0 = Debug|x64
		{73EBD515-B955-0153-ED17-43544CEE72E7}.Release|Win32.ActiveCfg = Release|Win32
		{73EBD515-B955-0153-ED17-43544CEE72E7}.Release|Win32.Build.0 = Release|Win32
		{77506D3A-1A9D-83DF-FBFC-9D21417FB447}.Release|x64.ActiveCfg = Release|x64
		{77506D3A-1A9D-83DF-FBFC-9D21417FB447}.Release|x64.Build.0 = Release|x64
		{77506D3A-1A9D-83DF-FBFC-9D21417FB447}.Debug|Win32.ActiveCfg = Debug|Win32
		{77506D3A-1A9D-83DF-FBFC-9D21417FB447}.Debug|Win32.Build.0 = Debug|Win32
		{77506D3A-1A9D-83DF-FBFC-9D21417FB447}.Debug|x64.ActiveCfg = Debug|x64
		{77506D3A-1A9D-83DF-FBFC-9D21417FB447}.Debug|x64.Build.0 = Debug|x64
		{77506D3A-1A9D-83DF-FBFC-9D21417FB447}.Release|Win32.ActiveCfg = Release|Win32
		{77506D3A-1A9D-83DF-FBFC-9D21417FB447}.Release|Win32.Build.0 = Release|Win32
		{77C337D1-E459-9204-B83A-83C35FAC6434}.Release|x64.ActiveCfg = Release|x64
		{77C337D1-E459-9204-B83A-83C35FAC6434}.Release|x64.Build.0 = Release|x64
		{77C337D1-E459-9204-B83A-83C35FAC6434}.Debug|Win32.ActiveCfg = Debug|Win32
		{77C337D1-E459-9204-B83A-83C35FAC6434}.Debug|Win32.Build.0 = Debug|Win32
		{77C337D1-E459-9204-B83A-83C35FAC6434}.Debug|x64.ActiveCfg = Debug|x64
		{77C337D1-E459-9204-B83A-83C35FAC6434}.Debug|x64.Build.0 = Debug|x64
		{77C337D1-E459-9204-B83A-83C35FAC6434}.Release|Win32.ActiveCfg = Release|Win32
		{77C337D1-E459-9204-B83A-83C35FAC6434}.Release|Win32.Build.0 = Release|Win32
		{85713944-0855-70BC-BB76-A7C2CC1FD42A}.Release|x64.ActiveCfg = Release|x64
		{85713944-0855-70BC-BB76-A7C2CC1FD42A}.Release|x64.Build.0 = Release|x64
		{85713944-0855-70BC-BB76-A7C2CC1FD42A}.Debug|Win32.ActiveCfg = Debug|Win32
		{85713944-0855-70BC-BB76-A7C2CC1FD42A}.Debug|Win32.Build.0 = Debug|Win32
		{85713944-0855-70BC-BB76-A7C2CC1FD42A}.Debug|x64.ActiveCfg = Debug|x64
		{85713944-0855-70BC-BB76-A7C2CC1FD42A}.Debug|x64.Build.0 = Debug|x64
		{85713944-0855-70BC-BB76-A7C2CC1FD42A}.Release|Win32.ActiveCfg = Release|Win32
		{85713944-0855-70BC-BB76-A7C2CC1FD42A}.Release|Win32.Build.0 = Release|Win32
		{E0D2354F-F25B-E45E-EB17-74DAD072310B}.Release|x64.ActiveCfg = Release|x64
		{E0D2354F-F25B-E45E-EB17-74DAD072310B}.Release|x64.Build.0 = Release|x64
		{E0D2354F-F25B-E45E-EB17-74DAD072310B}.Debug|Win32.ActiveCfg = Debug|Win32
		{E0D2354F-F25B-E45E-EB17-74DAD072310B}.Debug|Win32.Build.0 = Debug|Win32
		{E0D2354F-F25B-E45E-EB17-74DAD072310B}.Debug|x64.ActiveCfg = Debug|x64
		{E0D2354F-F25B-E45E-EB17-74DAD072310B}.Debug|x64.Build.0 = Debug|x64
		{E0D2354F-F25B-E45E-EB17-74DAD072310B}.Release|Win32.ActiveCfg = Release|Win32
		{E0D2354F-F25B-E45E-EB17-74DAD072310B}.Release|Win32.Build.0 = Release|Win32
		{F07000E4-24B9-FF84-4FC1-141B30C814DF}.Release|x64.ActiveCfg = Release|x64
		{F07000E4-24B9-FF84-4FC1-141B30C814DF}.Release|x64.Build.0 = Release|x64
		{F07000E4-24B9-FF84-4FC1-141B30C814DF}.Debug|Win32.ActiveCfg = Debug|Win32
		{F07000E4-24B9-FF84-4FC1-141B30C814DF}.Debug|Win32.Build.0 = Debug|Win32
		{F07000E4-24B9-FF84-4FC1-141B30C814DF}.Debug|x64.ActiveCfg = Debug|x64
		{F07000E4-24B9-FF84-4FC1-141B30C814DF}.Debug|x64.Build.0 = Debug|x64
		{F07000E4-24B9-FF84-4FC1-141B30C814DF}.Release|Win32.ActiveCfg = Release|Win32
		{F07000E4-24B9-FF84-4FC1-141B30C814DF}.Release|Win32.Build.0 = Release|Win32
		{FA4310BB-B4F9-ED6C-0091-692125F627A1}.Release|x64.ActiveCfg = Release|x64
		{FA4310BB-B4F9-ED6C-0091-692125F627A1}.Release|x64.Build.0 = Release|x64
		{FA4310BB-B4F9-ED6C-0091-692125F627A1}.Debug|Win32.ActiveCfg = Debug|Win32
		{FA4310BB-B4F9-ED6C-0091-692125F627A1}.Debug|Win32.Build.0 = Debug|Win32
		{FA4310BB-B4F9-ED6C-0091-692125F627A1}.Debug|x64.ActiveCfg = Debug|x64
		{FA4310BB-B4F9-ED6C-0091-692125F627A1}.Debug|x64.Build.0 = Debug|x64
		{FA4310BB-B4F9-ED6C-0091-692125F627A1}.Release|Win32.ActiveCfg = Release|Win32
		{FA4310BB-B4F9-ED6C-0091-692125F627A1}.Release|Win32.Build.0 = Release|Win32
	EndGlobalSection
	GlobalSection(SolutionProperties) = preSolution
		HideSolutionNode = FALSE
	EndGlobalSection
	GlobalSection(NestedProjects) = preSolution
		{DD240FE5-4D88-9C6C-E7C8-07717FEFF861} = {36257327-00FE-FF6D-A8D9-AFEE3537DAF0}
		{DDCEA4D0-6852-D253-DD6E-F4F64DF52AEE} = {DD240FE5-4D88-9C6C-E7C8-07717FEFF861}
		{FCCA9790-7A48-3FD3-9348-A0B91E8AA9DD} = {DDCEA4D0-6852-D253-DD6E-F4F64DF52AEE}
		{16E84730-5259-86C1-A9FA-4F500CB6F69C} = {DDCEA4D0-6852-D253-DD6E-F4F64DF52AEE}
		{0049ED14-D14B-57E3-AC11-C1C9E2F90FB5} = {DDCEA4D0-6852-D253-DD6E-F4F64DF52AEE}
		{409FED26-BAF4-92E6-9C8B-4F04CE94352D} = {DDCEA4D0-6852-D253-DD6E-F4F64DF52AEE}
		{2129171D-52BA-6CC7-C0D7-F589722DF449} = {DDCEA4D0-6852-D253-DD6E-F4F64DF52AEE}
		{1E5C1F19-4095-9718-23B9-185DFE8C3D0A} = {3C6AE28B-F33A-DB10-9120-BD915AD6D346}
		{87EC7559-518C-C437-7C58-002910DEDB6A} = {445732DD-CC94-A079-7A98-C07D8DB6EB8F}
		{4E3625C0-F60A-9CEA-42CB-9A82318C7899} = {7431ABBF-72F8-0059-F380-3DC00567EAAF}
		{D0336D44-66B0-0C43-E9DF-7C26802B5117} = {8AF3BA0F-63EC-C773-1042-3746DA4729CF}
		{0EF06F2F-BC47-18DD-0E9D-51645E709D4B} = {C168E0F9-69D4-A42C-9387-39D83B761CE9}
		{C168E0F9-69D4-A42C-9387-39D83B761CE9} = {FCCA9790-7A48-3FD3-9348-A0B91E8AA9DD}
		{7431ABBF-72F8-0059-F380-3DC00567EAAF} = {16E84730-5259-86C1-A9FA-4F500CB6F69C}
		{3C6AE28B-F33A-DB10-9120-BD915AD6D346} = {0049ED14-D14B-57E3-AC11-C1C9E2F90FB5}
		{FA4310BB-B4F9-ED6C-0091-692125F627A1} = {0EF06F2F-BC47-18DD-0E9D-51645E709D4B}
		{73EBD515-B955-0153-ED17-43544CEE72E7} = {1E5C1F19-4095-9718-23B9-185DFE8C3D0A}
		{77C337D1-E459-9204-B83A-83C35FAC6434} = {4E3625C0-F60A-9CEA-42CB-9A82318C7899}
		{536F5DA7-7FD8-EA3A-0ADC-93D7BFB50A52} = {87EC7559-518C-C437-7C58-002910DEDB6A}
		{E0D2354F-F25B-E45E-EB17-74DAD072310B} = {D0336D44-66B0-0C43-E9DF-7C26802B5117}
		{445732DD-CC94-A079-7A98-C07D8DB6EB8F} = {409FED26-BAF4-92E6-9C8B-4F04CE94352D}
		{8AF3BA0F-63EC-C773-1042-3746DA4729CF} = {2129171D-52BA-6CC7-C0D7-F589722DF449}
	EndGlobalSection
EndGlobal
