Microsoft Visual Studio Solution File, Format Version 12.00
# Visual Studio 15
VisualStudioVersion = 15.0.28010.2046
MinimumVisualStudioVersion = 10.0.40219.1
Project("{2150E333-8FDC-42A3-9474-1A3956D46DE8}") = "(..)", "(..)", "{36257327-00FE-FF6D-A8D9-AFEE3537DAF0}"
EndProject
Project("{2150E333-8FDC-42A3-9474-1A3956D46DE8}") = "(..)", "(..)", "{DD240FE5-4D88-9C6C-E7C8-07717FEFF861}"
EndProject
Project("{2150E333-8FDC-42A3-9474-1A3956D46DE8}") = "(..)", "(..)", "{DDCEA4D0-6852-D253-DD6E-F4F64DF52AEE}"
EndProject
Project("{2150E333-8FDC-42A3-9474-1A3956D46DE8}") = "(..)", "(..)", "{E2C934BB-1552-401F-EDE6-F7CBED2D4AF7}"
EndProject
Project("{2150E333-8FDC-42A3-9474-1A3956D46DE8}") = "(builds)", "(builds)", "{42426ED3-26CD-0236-A3AA-313CEE7A09D1}"
EndProject
Project("{2150E333-8FDC-42A3-9474-1A3956D46DE8}") = "(builds)", "(builds)", "{5A541057-AD54-6BA3-AFEF-12688909807D}"
EndProject
Project("{2150E333-8FDC-42A3-9474-1A3956D46DE8}") = "(builds)", "(builds)", "{A9AA6DAF-51C2-463D-DC10-CA0C7091C88A}"
EndProject
Project("{2150E333-8FDC-42A3-9474-1A3956D46DE8}") = "(builds)", "(builds)", "{CA2EF557-2773-3761-BC29-AF36A6868764}"
EndProject
Project("{2150E333-8FDC-42A3-9474-1A3956D46DE8}") = "(ccore_bson)", "(ccore_bson)", "{2C6C5BAC-E9DF-3205-1182-83EBAF1B164A}"
EndProject
Project("{2150E333-8FDC-42A3-9474-1A3956D46DE8}") = "(czmq)", "(czmq)", "{E45855D7-7661-4FB4-67E9-42F4EFB9154B}"
EndProject
Project("{2150E333-8FDC-42A3-9474-1A3956D46DE8}") = "(gyp)", "(gyp)", "{2C15C89D-7269-5E21-4E33-6B5E4565A6E4}"
EndProject
Project("{2150E333-8FDC-42A3-9474-1A3956D46DE8}") = "(gyp)", "(gyp)", "{2D135593-D35F-F3B8-C386-B0A2FA4EF24C}"
EndProject
Project("{2150E333-8FDC-42A3-9474-1A3956D46DE8}") = "(gyp)", "(gyp)", "{917D93AD-410E-6503-AF1E-6BD5AB29950D}"
EndProject
Project("{2150E333-8FDC-42A3-9474-1A3956D46DE8}") = "(gyp)", "(gyp)", "{9F5CB327-DACF-C412-22EB-A1861DB44DC8}"
EndProject
Project("{2150E333-8FDC-42A3-9474-1A3956D46DE8}") = "(libzmq)", "(libzmq)", "{96F015CC-2932-9481-4075-B779A4A751F4}"
EndProject
Project("{8BC9CEB8-8B4A-11D0-8D11-00A0C91BC942}") = "ccore_bson", "..\..\..\..\ccore_bson\builds\gyp\ccore_bson.vcxproj", "{FA4310BB-B4F9-ED6C-0091-692125F627A1}"
EndProject
Project("{8BC9CEB8-8B4A-11D0-8D11-00A0C91BC942}") = "ccore_example", "ccore_example.vcxproj", "{93B064AF-D962-78C5-D303-072973FC744B}"
	ProjectSection(ProjectDependencies) = postProject
		{C861C1BF-8CB2-0251-5052-68ECD880794B} = {C861C1BF-8CB2-0251-5052-68ECD880794B}
		{E0D2354F-F25B-E45E-EB17-74DAD072310B} = {E0D2354F-F25B-E45E-EB17-74DAD072310B}
		{73EBD515-B955-0153-ED17-43544CEE72E7} = {73EBD515-B955-0153-ED17-43544CEE72E7}
		{FA4310BB-B4F9-ED6C-0091-692125F627A1} = {FA4310BB-B4F9-ED6C-0091-692125F627A1}
	EndProjectSection
EndProject
Project("{8BC9CEB8-8B4A-11D0-8D11-00A0C91BC942}") = "ccore_example_failover", "ccore_example_failover.vcxproj", "{CD7F282D-A421-ABE7-521D-69A203A2D49E}"
	ProjectSection(ProjectDependencies) = postProject
		{C861C1BF-8CB2-0251-5052-68ECD880794B} = {C861C1BF-8CB2-0251-5052-68ECD880794B}
		{E0D2354F-F25B-E45E-EB17-74DAD072310B} = {E0D2354F-F25B-E45E-EB17-74DAD072310B}
		{73EBD515-B955-0153-ED17-43544CEE72E7} = {73EBD515-B955-0153-ED17-43544CEE72E7}
		{FA4310BB-B4F9-ED6C-0091-692125F627A1} = {FA4310BB-B4F9-ED6C-0091-692125F627A1}
	EndProjectSection
EndProject
Project("{8BC9CEB8-8B4A-11D0-8D11-00A0C91BC942}") = "ccore_example_object", "ccore_example_object.vcxproj", "{5C999A61-9F2E-D683-9E6B-63F33B8DA0D4}"
	ProjectSection(ProjectDependencies) = postProject
		{C861C1BF-8CB2-0251-5052-68ECD880794B} = {C861C1BF-8CB2-0251-5052-68ECD880794B}
		{E0D2354F-F25B-E45E-EB17-74DAD072310B} = {E0D2354F-F25B-E45E-EB17-74DAD072310B}
		{73EBD515-B955-0153-ED17-43544CEE72E7} = {73EBD515-B955-0153-ED17-43544CEE72E7}
		{FA4310BB-B4F9-ED6C-0091-692125F627A1} = {FA4310BB-B4F9-ED6C-0091-692125F627A1}
	EndProjectSection
EndProject
Project("{8BC9CEB8-8B4A-11D0-8D11-00A0C91BC942}") = "ccore_poll_example_failover", "ccore_poll_example_failover.vcxproj", "{E3BEDF6A-A894-7287-156A-652CE2FDC6A9}"
	ProjectSection(ProjectDependencies) = postProject
		{C861C1BF-8CB2-0251-5052-68ECD880794B} = {C861C1BF-8CB2-0251-5052-68ECD880794B}
		{E0D2354F-F25B-E45E-EB17-74DAD072310B} = {E0D2354F-F25B-E45E-EB17-74DAD072310B}
		{73EBD515-B955-0153-ED17-43544CEE72E7} = {73EBD515-B955-0153-ED17-43544CEE72E7}
		{FA4310BB-B4F9-ED6C-0091-692125F627A1} = {FA4310BB-B4F9-ED6C-0091-692125F627A1}
	EndProjectSection
EndProject
Project("{8BC9CEB8-8B4A-11D0-8D11-00A0C91BC942}") = "libccore", "..\..\..\builds\gyp\libccore.vcxproj", "{C861C1BF-8CB2-0251-5052-68ECD880794B}"
EndProject
Project("{8BC9CEB8-8B4A-11D0-8D11-00A0C91BC942}") = "libczmq", "..\..\..\..\czmq\builds\gyp\libczmq.vcxproj", "{73EBD515-B955-0153-ED17-43544CEE72E7}"
EndProject
Project("{8BC9CEB8-8B4A-11D0-8D11-00A0C91BC942}") = "libzmq", "..\..\..\..\libzmq\builds\gyp\libzmq.vcxproj", "{E0D2354F-F25B-E45E-EB17-74DAD072310B}"
EndProject
Project("{8BC9CEB8-8B4A-11D0-8D11-00A0C91BC942}") = "perf", "perf.vcxproj", "{D2747614-CE28-9A8F-67A1-F9B2D65715B1}"
	ProjectSection(ProjectDependencies) = postProject
		{C861C1BF-8CB2-0251-5052-68ECD880794B} = {C861C1BF-8CB2-0251-5052-68ECD880794B}
		{E0D2354F-F25B-E45E-EB17-74DAD072310B} = {E0D2354F-F25B-E45E-EB17-74DAD072310B}
		{73EBD515-B955-0153-ED17-43544CEE72E7} = {73EBD515-B955-0153-ED17-43544CEE72E7}
		{FA4310BB-B4F9-ED6C-0091-692125F627A1} = {FA4310BB-B4F9-ED6C-0091-692125F627A1}
	EndProjectSection
EndProject
Global
	GlobalSection(SolutionConfigurationPlatforms) = preSolution
		Debug|Win32 = Debug|Win32
		Debug|x64 = Debug|x64
		Release|Win32 = Release|Win32
		Release|x64 = Release|x64
	EndGlobalSection
	GlobalSection(ProjectConfigurationPlatforms) = postSolution
		{FA4310BB-B4F9-ED6C-0091-692125F627A1}.Debug|Win32.ActiveCfg = Debug|Win32
		{FA4310BB-B4F9-ED6C-0091-692125F627A1}.Debug|Win32.Build.0 = Debug|Win32
		{FA4310BB-B4F9-ED6C-0091-692125F627A1}.Debug|x64.ActiveCfg = Debug|x64
		{FA4310BB-B4F9-ED6C-0091-692125F627A1}.Debug|x64.Build.0 = Debug|x64
		{FA4310BB-B4F9-ED6C-0091-692125F627A1}.Release|Win32.ActiveCfg = Release|Win32
		{FA4310BB-B4F9-ED6C-0091-692125F627A1}.Release|Win32.Build.0 = Release|Win32
		{FA4310BB-B4F9-ED6C-0091-692125F627A1}.Release|x64.ActiveCfg = Release|x64
		{FA4310BB-B4F9-ED6C-0091-692125F627A1}.Release|x64.Build.0 = Release|x64
		{93B064AF-D962-78C5-D303-072973FC744B}.Debug|Win32.ActiveCfg = Debug|Win32
		{93B064AF-D962-78C5-D303-072973FC744B}.Debug|Win32.Build.0 = Debug|Win32
		{93B064AF-D962-78C5-D303-072973FC744B}.Debug|x64.ActiveCfg = Debug|x64
		{93B064AF-D962-78C5-D303-072973FC744B}.Debug|x64.Build.0 = Debug|x64
		{93B064AF-D962-78C5-D303-072973FC744B}.Release|Win32.ActiveCfg = Release|Win32
		{93B064AF-D962-78C5-D303-072973FC744B}.Release|Win32.Build.0 = Release|Win32
		{93B064AF-D962-78C5-D303-072973FC744B}.Release|x64.ActiveCfg = Release|x64
		{93B064AF-D962-78C5-D303-072973FC744B}.Release|x64.Build.0 = Release|x64
		{CD7F282D-A421-ABE7-521D-69A203A2D49E}.Debug|Win32.ActiveCfg = Debug|Win32
		{CD7F282D-A421-ABE7-521D-69A203A2D49E}.Debug|Win32.Build.0 = Debug|Win32
		{CD7F282D-A421-ABE7-521D-69A203A2D49E}.Debug|x64.ActiveCfg = Debug|x64
		{CD7F282D-A421-ABE7-521D-69A203A2D49E}.Debug|x64.Build.0 = Debug|x64
		{CD7F282D-A421-ABE7-521D-69A203A2D49E}.Release|Win32.ActiveCfg = Release|Win32
		{CD7F282D-A421-ABE7-521D-69A203A2D49E}.Release|Win32.Build.0 = Release|Win32
		{CD7F282D-A421-ABE7-521D-69A203A2D49E}.Release|x64.ActiveCfg = Release|x64
		{CD7F282D-A421-ABE7-521D-69A203A2D49E}.Release|x64.Build.0 = Release|x64
		{5C999A61-9F2E-D683-9E6B-63F33B8DA0D4}.Debug|Win32.ActiveCfg = Debug|Win32
		{5C999A61-9F2E-D683-9E6B-63F33B8DA0D4}.Debug|Win32.Build.0 = Debug|Win32
		{5C999A61-9F2E-D683-9E6B-63F33B8DA0D4}.Debug|x64.ActiveCfg = Debug|x64
		{5C999A61-9F2E-D683-9E6B-63F33B8DA0D4}.Debug|x64.Build.0 = Debug|x64
		{5C999A61-9F2E-D683-9E6B-63F33B8DA0D4}.Release|Win32.ActiveCfg = Release|Win32
		{5C999A61-9F2E-D683-9E6B-63F33B8DA0D4}.Release|Win32.Build.0 = Release|Win32
		{5C999A61-9F2E-D683-9E6B-63F33B8DA0D4}.Release|x64.ActiveCfg = Release|x64
		{5C999A61-9F2E-D683-9E6B-63F33B8DA0D4}.Release|x64.Build.0 = Release|x64
		{E3BEDF6A-A894-7287-156A-652CE2FDC6A9}.Debug|Win32.ActiveCfg = Debug|Win32
		{E3BEDF6A-A894-7287-156A-652CE2FDC6A9}.Debug|Win32.Build.0 = Debug|Win32
		{E3BEDF6A-A894-7287-156A-652CE2FDC6A9}.Debug|x64.ActiveCfg = Debug|x64
		{E3BEDF6A-A894-7287-156A-652CE2FDC6A9}.Debug|x64.Build.0 = Debug|x64
		{E3BEDF6A-A894-7287-156A-652CE2FDC6A9}.Release|Win32.ActiveCfg = Release|Win32
		{E3BEDF6A-A894-7287-156A-652CE2FDC6A9}.Release|Win32.Build.0 = Release|Win32
		{E3BEDF6A-A894-7287-156A-652CE2FDC6A9}.Release|x64.ActiveCfg = Release|x64
		{E3BEDF6A-A894-7287-156A-652CE2FDC6A9}.Release|x64.Build.0 = Release|x64
		{C861C1BF-8CB2-0251-5052-68ECD880794B}.Debug|Win32.ActiveCfg = Debug|Win32
		{C861C1BF-8CB2-0251-5052-68ECD880794B}.Debug|Win32.Build.0 = Debug|Win32
		{C861C1BF-8CB2-0251-5052-68ECD880794B}.Debug|x64.ActiveCfg = Debug|x64
		{C861C1BF-8CB2-0251-5052-68ECD880794B}.Debug|x64.Build.0 = Debug|x64
		{C861C1BF-8CB2-0251-5052-68ECD880794B}.Release|Win32.ActiveCfg = Release|Win32
		{C861C1BF-8CB2-0251-5052-68ECD880794B}.Release|Win32.Build.0 = Release|Win32
		{C861C1BF-8CB2-0251-5052-68ECD880794B}.Release|x64.ActiveCfg = Release|x64
		{C861C1BF-8CB2-0251-5052-68ECD880794B}.Release|x64.Build.0 = Release|x64
		{73EBD515-B955-0153-ED17-43544CEE72E7}.Debug|Win32.ActiveCfg = Debug|Win32
		{73EBD515-B955-0153-ED17-43544CEE72E7}.Debug|Win32.Build.0 = Debug|Win32
		{73EBD515-B955-0153-ED17-43544CEE72E7}.Debug|x64.ActiveCfg = Debug|x64
		{73EBD515-B955-0153-ED17-43544CEE72E7}.Debug|x64.Build.0 = Debug|x64
		{73EBD515-B955-0153-ED17-43544CEE72E7}.Release|Win32.ActiveCfg = Release|Win32
		{73EBD515-B955-0153-ED17-43544CEE72E7}.Release|Win32.Build.0 = Release|Win32
		{73EBD515-B955-0153-ED17-43544CEE72E7}.Release|x64.ActiveCfg = Release|x64
		{73EBD515-B955-0153-ED17-43544CEE72E7}.Release|x64.Build.0 = Release|x64
		{E0D2354F-F25B-E45E-EB17-74DAD072310B}.Debug|Win32.ActiveCfg = Debug|Win32
		{E0D2354F-F25B-E45E-EB17-74DAD072310B}.Debug|Win32.Build.0 = Debug|Win32
		{E0D2354F-F25B-E45E-EB17-74DAD072310B}.Debug|x64.ActiveCfg = Debug|x64
		{E0D2354F-F25B-E45E-EB17-74DAD072310B}.Debug|x64.Build.0 = Debug|x64
		{E0D2354F-F25B-E45E-EB17-74DAD072310B}.Release|Win32.ActiveCfg = Release|Win32
		{E0D2354F-F25B-E45E-EB17-74DAD072310B}.Release|Win32.Build.0 = Release|Win32
		{E0D2354F-F25B-E45E-EB17-74DAD072310B}.Release|x64.ActiveCfg = Release|x64
		{E0D2354F-F25B-E45E-EB17-74DAD072310B}.Release|x64.Build.0 = Release|x64
		{D2747614-CE28-9A8F-67A1-F9B2D65715B1}.Debug|Win32.ActiveCfg = Debug|Win32
		{D2747614-CE28-9A8F-67A1-F9B2D65715B1}.Debug|Win32.Build.0 = Debug|Win32
		{D2747614-CE28-9A8F-67A1-F9B2D65715B1}.Debug|x64.ActiveCfg = Debug|x64
		{D2747614-CE28-9A8F-67A1-F9B2D65715B1}.Debug|x64.Build.0 = Debug|x64
		{D2747614-CE28-9A8F-67A1-F9B2D65715B1}.Release|Win32.ActiveCfg = Release|Win32
		{D2747614-CE28-9A8F-67A1-F9B2D65715B1}.Release|Win32.Build.0 = Release|Win32
		{D2747614-CE28-9A8F-67A1-F9B2D65715B1}.Release|x64.ActiveCfg = Release|x64
		{D2747614-CE28-9A8F-67A1-F9B2D65715B1}.Release|x64.Build.0 = Release|x64
	EndGlobalSection
	GlobalSection(SolutionProperties) = preSolution
		HideSolutionNode = FALSE
	EndGlobalSection
	GlobalSection(NestedProjects) = preSolution
		{DD240FE5-4D88-9C6C-E7C8-07717FEFF861} = {36257327-00FE-FF6D-A8D9-AFEE3537DAF0}
		{DDCEA4D0-6852-D253-DD6E-F4F64DF52AEE} = {DD240FE5-4D88-9C6C-E7C8-07717FEFF861}
		{E2C934BB-1552-401F-EDE6-F7CBED2D4AF7} = {DDCEA4D0-6852-D253-DD6E-F4F64DF52AEE}
		{42426ED3-26CD-0236-A3AA-313CEE7A09D1} = {E45855D7-7661-4FB4-67E9-42F4EFB9154B}
		{5A541057-AD54-6BA3-AFEF-12688909807D} = {2C6C5BAC-E9DF-3205-1182-83EBAF1B164A}
		{A9AA6DAF-51C2-463D-DC10-CA0C7091C88A} = {96F015CC-2932-9481-4075-B779A4A751F4}
		{CA2EF557-2773-3761-BC29-AF36A6868764} = {DDCEA4D0-6852-D253-DD6E-F4F64DF52AEE}
		{2C6C5BAC-E9DF-3205-1182-83EBAF1B164A} = {E2C934BB-1552-401F-EDE6-F7CBED2D4AF7}
		{E45855D7-7661-4FB4-67E9-42F4EFB9154B} = {E2C934BB-1552-401F-EDE6-F7CBED2D4AF7}
		{2C15C89D-7269-5E21-4E33-6B5E4565A6E4} = {A9AA6DAF-51C2-463D-DC10-CA0C7091C88A}
		{2D135593-D35F-F3B8-C386-B0A2FA4EF24C} = {CA2EF557-2773-3761-BC29-AF36A6868764}
		{917D93AD-410E-6503-AF1E-6BD5AB29950D} = {42426ED3-26CD-0236-A3AA-313CEE7A09D1}
		{9F5CB327-DACF-C412-22EB-A1861DB44DC8} = {5A541057-AD54-6BA3-AFEF-12688909807D}
		{96F015CC-2932-9481-4075-B779A4A751F4} = {E2C934BB-1552-401F-EDE6-F7CBED2D4AF7}
		{FA4310BB-B4F9-ED6C-0091-692125F627A1} = {9F5CB327-DACF-C412-22EB-A1861DB44DC8}
		{C861C1BF-8CB2-0251-5052-68ECD880794B} = {2D135593-D35F-F3B8-C386-B0A2FA4EF24C}
		{73EBD515-B955-0153-ED17-43544CEE72E7} = {917D93AD-410E-6503-AF1E-6BD5AB29950D}
		{E0D2354F-F25B-E45E-EB17-74DAD072310B} = {2C15C89D-7269-5E21-4E33-6B5E4565A6E4}
	EndGlobalSection
	GlobalSection(ExtensibilityGlobals) = postSolution
		SolutionGuid = {3C5E8278-DECF-4703-8096-FA72E4F18B1A}
	EndGlobalSection
EndGlobal
